// !$*UTF8*$!
{
	archiveVersion = 1;
	classes = {
	};
	objectVersion = 51;
	objects = {

/* Begin PBXBuildFile section */
		17120D6824C4A1AE00CB46ED /* AuthRecord.m in Sources */ = {isa = PBXBuildFile; fileRef = 17120D6624C4A1AE00CB46ED /* AuthRecord.m */; };
		173B644624C5CE6700A746D0 /* BarcodeScanner.xib in Resources */ = {isa = PBXBuildFile; fileRef = 173B644524C5CE6700A746D0 /* BarcodeScanner.xib */; };
		177F323624C4E1DC00B4C26E /* BarcodeScanner.m in Sources */ = {isa = PBXBuildFile; fileRef = 177F323324C4E1DC00B4C26E /* BarcodeScanner.m */; };
		17DA66261D1A58490031108F /* BluetoothHelper.m in Sources */ = {isa = PBXBuildFile; fileRef = 17DA66251D1A58490031108F /* BluetoothHelper.m */; };
		17DA66291D1A58A40031108F /* CoreBluetooth.framework in Frameworks */ = {isa = PBXBuildFile; fileRef = 17DA66281D1A58A40031108F /* CoreBluetooth.framework */; };
		17FDD50A24E1A018003155DF /* Images.xcassets in Resources */ = {isa = PBXBuildFile; fileRef = 17FDD50924E1A018003155DF /* Images.xcassets */; };
		6023CFA216F00CDA009AFE9E /* UIKit.framework in Frameworks */ = {isa = PBXBuildFile; fileRef = 6023CFA116F00CDA009AFE9E /* UIKit.framework */; };
		6023CFA416F00CDA009AFE9E /* Foundation.framework in Frameworks */ = {isa = PBXBuildFile; fileRef = 6023CFA316F00CDA009AFE9E /* Foundation.framework */; };
		6023CFA616F00CDA009AFE9E /* CoreGraphics.framework in Frameworks */ = {isa = PBXBuildFile; fileRef = 6023CFA516F00CDA009AFE9E /* CoreGraphics.framework */; };
		6023CFAC16F00CDA009AFE9E /* InfoPlist.strings in Resources */ = {isa = PBXBuildFile; fileRef = 6023CFAA16F00CDA009AFE9E /* InfoPlist.strings */; };
		6023CFAE16F00CDA009AFE9E /* main.m in Sources */ = {isa = PBXBuildFile; fileRef = 6023CFAD16F00CDA009AFE9E /* main.m */; };
		6023CFB216F00CDA009AFE9E /* MainAppDelegate.m in Sources */ = {isa = PBXBuildFile; fileRef = 6023CFB116F00CDA009AFE9E /* MainAppDelegate.m */; };
		6023CFB416F00CDA009AFE9E /* Default.png in Resources */ = {isa = PBXBuildFile; fileRef = 6023CFB316F00CDA009AFE9E /* Default.png */; };
		6023CFB616F00CDA009AFE9E /* Default@2x.png in Resources */ = {isa = PBXBuildFile; fileRef = 6023CFB516F00CDA009AFE9E /* Default@2x.png */; };
		6023CFB816F00CDA009AFE9E /* Default-568h@2x.png in Resources */ = {isa = PBXBuildFile; fileRef = 6023CFB716F00CDA009AFE9E /* Default-568h@2x.png */; };
		6023CFBB16F00CDA009AFE9E /* MainStoryboard.storyboard in Resources */ = {isa = PBXBuildFile; fileRef = 6023CFB916F00CDA009AFE9E /* MainStoryboard.storyboard */; };
		6023CFC116F00CDA009AFE9E /* MainViewController.m in Sources */ = {isa = PBXBuildFile; fileRef = 6023CFC016F00CDA009AFE9E /* MainViewController.m */; };
		6023D1BD16F00EAB009AFE9E /* AVFoundation.framework in Frameworks */ = {isa = PBXBuildFile; fileRef = 6023D1BC16F00EAB009AFE9E /* AVFoundation.framework */; };
		6023D1BF16F00EAF009AFE9E /* AudioToolbox.framework in Frameworks */ = {isa = PBXBuildFile; fileRef = 6023D1BE16F00EAF009AFE9E /* AudioToolbox.framework */; };
		6023D1C216F00ECC009AFE9E /* CoreMedia.framework in Frameworks */ = {isa = PBXBuildFile; fileRef = 6023D1C016F00ECC009AFE9E /* CoreMedia.framework */; };
		6023D1C316F00ECC009AFE9E /* CoreVideo.framework in Frameworks */ = {isa = PBXBuildFile; fileRef = 6023D1C116F00ECC009AFE9E /* CoreVideo.framework */; };
		6023D1C616F00ED9009AFE9E /* AddressBook.framework in Frameworks */ = {isa = PBXBuildFile; fileRef = 6023D1C416F00ED9009AFE9E /* AddressBook.framework */; };
		6023D1C716F00ED9009AFE9E /* AddressBookUI.framework in Frameworks */ = {isa = PBXBuildFile; fileRef = 6023D1C516F00ED9009AFE9E /* AddressBookUI.framework */; };
		6023D1C916F00F01009AFE9E /* libiconv.dylib in Frameworks */ = {isa = PBXBuildFile; fileRef = 6023D1C816F00F01009AFE9E /* libiconv.dylib */; };
		6023D3BC16F01F55009AFE9E /* beep-beep.aiff in Resources */ = {isa = PBXBuildFile; fileRef = 6023D3BB16F01F55009AFE9E /* beep-beep.aiff */; };
		A6FD4301F6A39CB8B624B852 /* libPods-Rohos Logon.a in Frameworks */ = {isa = PBXBuildFile; fileRef = A4195F85D07726F99392EEA3 /* libPods-Rohos Logon.a */; };
		FA613E29187D9972005C1F63 /* unlockpc.png in Resources */ = {isa = PBXBuildFile; fileRef = FA613E28187D9972005C1F63 /* unlockpc.png */; };
		FA613E2C187D9BAF005C1F63 /* icon-57.png in Resources */ = {isa = PBXBuildFile; fileRef = FA613E2B187D9BAF005C1F63 /* icon-57.png */; };
		FAF0C3BE1882B49500BF7E08 /* icon-120.png in Resources */ = {isa = PBXBuildFile; fileRef = FAF0C3BC1882B49500BF7E08 /* icon-120.png */; };
		FAF0C3BF1882B49500BF7E08 /* icon-72.png in Resources */ = {isa = PBXBuildFile; fileRef = FAF0C3BD1882B49500BF7E08 /* icon-72.png */; };
/* End PBXBuildFile section */

/* Begin PBXFileReference section */
		17120D6624C4A1AE00CB46ED /* AuthRecord.m */ = {isa = PBXFileReference; fileEncoding = 4; lastKnownFileType = sourcecode.c.objc; path = AuthRecord.m; sourceTree = "<group>"; };
		17120D6724C4A1AE00CB46ED /* AuthRecord.h */ = {isa = PBXFileReference; fileEncoding = 4; lastKnownFileType = sourcecode.c.h; path = AuthRecord.h; sourceTree = "<group>"; };
		173B644524C5CE6700A746D0 /* BarcodeScanner.xib */ = {isa = PBXFileReference; lastKnownFileType = file.xib; path = BarcodeScanner.xib; sourceTree = "<group>"; };
		177F323324C4E1DC00B4C26E /* BarcodeScanner.m */ = {isa = PBXFileReference; fileEncoding = 4; lastKnownFileType = sourcecode.c.objc; path = BarcodeScanner.m; sourceTree = "<group>"; };
		177F323524C4E1DC00B4C26E /* BarcodeScanner.h */ = {isa = PBXFileReference; fileEncoding = 4; lastKnownFileType = sourcecode.c.h; path = BarcodeScanner.h; sourceTree = "<group>"; };
		17DA66241D1A58490031108F /* BluetoothHelper.h */ = {isa = PBXFileReference; fileEncoding = 4; lastKnownFileType = sourcecode.c.h; path = BluetoothHelper.h; sourceTree = "<group>"; };
		17DA66251D1A58490031108F /* BluetoothHelper.m */ = {isa = PBXFileReference; fileEncoding = 4; indentWidth = 2; lastKnownFileType = sourcecode.c.objc; path = BluetoothHelper.m; sourceTree = "<group>"; tabWidth = 2; };
		17DA66281D1A58A40031108F /* CoreBluetooth.framework */ = {isa = PBXFileReference; lastKnownFileType = wrapper.framework; name = CoreBluetooth.framework; path = System/Library/Frameworks/CoreBluetooth.framework; sourceTree = SDKROOT; };
		17FDD50924E1A018003155DF /* Images.xcassets */ = {isa = PBXFileReference; lastKnownFileType = folder.assetcatalog; name = Images.xcassets; path = "Rohos Logon/Images.xcassets"; sourceTree = "<group>"; };
		6023CF9E16F00CDA009AFE9E /* Rohos Logon.app */ = {isa = PBXFileReference; explicitFileType = wrapper.application; includeInIndex = 0; path = "Rohos Logon.app"; sourceTree = BUILT_PRODUCTS_DIR; };
		6023CFA116F00CDA009AFE9E /* UIKit.framework */ = {isa = PBXFileReference; lastKnownFileType = wrapper.framework; name = UIKit.framework; path = System/Library/Frameworks/UIKit.framework; sourceTree = SDKROOT; };
		6023CFA316F00CDA009AFE9E /* Foundation.framework */ = {isa = PBXFileReference; lastKnownFileType = wrapper.framework; name = Foundation.framework; path = System/Library/Frameworks/Foundation.framework; sourceTree = SDKROOT; };
		6023CFA516F00CDA009AFE9E /* CoreGraphics.framework */ = {isa = PBXFileReference; lastKnownFileType = wrapper.framework; name = CoreGraphics.framework; path = System/Library/Frameworks/CoreGraphics.framework; sourceTree = SDKROOT; };
		6023CFA916F00CDA009AFE9E /* RohosLogon-iOS-Info.plist */ = {isa = PBXFileReference; lastKnownFileType = text.plist.xml; path = "RohosLogon-iOS-Info.plist"; sourceTree = "<group>"; };
		6023CFAB16F00CDA009AFE9E /* en */ = {isa = PBXFileReference; lastKnownFileType = text.plist.strings; name = en; path = en.lproj/InfoPlist.strings; sourceTree = "<group>"; };
		6023CFAD16F00CDA009AFE9E /* main.m */ = {isa = PBXFileReference; lastKnownFileType = sourcecode.c.objc; path = main.m; sourceTree = "<group>"; };
		6023CFAF16F00CDA009AFE9E /* Rohos-Logon-prefix.pch */ = {isa = PBXFileReference; lastKnownFileType = sourcecode.c.h; path = "Rohos-Logon-prefix.pch"; sourceTree = "<group>"; };
		6023CFB016F00CDA009AFE9E /* MainAppDelegate.h */ = {isa = PBXFileReference; lastKnownFileType = sourcecode.c.h; path = MainAppDelegate.h; sourceTree = "<group>"; };
		6023CFB116F00CDA009AFE9E /* MainAppDelegate.m */ = {isa = PBXFileReference; lastKnownFileType = sourcecode.c.objc; path = MainAppDelegate.m; sourceTree = "<group>"; };
		6023CFB316F00CDA009AFE9E /* Default.png */ = {isa = PBXFileReference; lastKnownFileType = image.png; path = Default.png; sourceTree = "<group>"; };
		6023CFB516F00CDA009AFE9E /* Default@2x.png */ = {isa = PBXFileReference; lastKnownFileType = image.png; path = "Default@2x.png"; sourceTree = "<group>"; };
		6023CFB716F00CDA009AFE9E /* Default-568h@2x.png */ = {isa = PBXFileReference; lastKnownFileType = image.png; path = "Default-568h@2x.png"; sourceTree = "<group>"; };
		6023CFBA16F00CDA009AFE9E /* en */ = {isa = PBXFileReference; lastKnownFileType = file.storyboard; name = en; path = en.lproj/MainStoryboard.storyboard; sourceTree = "<group>"; };
		6023CFBF16F00CDA009AFE9E /* MainViewController.h */ = {isa = PBXFileReference; lastKnownFileType = sourcecode.c.h; path = MainViewController.h; sourceTree = "<group>"; };
		6023CFC016F00CDA009AFE9E /* MainViewController.m */ = {isa = PBXFileReference; lastKnownFileType = sourcecode.c.objc; path = MainViewController.m; sourceTree = "<group>"; };
		6023D1BC16F00EAB009AFE9E /* AVFoundation.framework */ = {isa = PBXFileReference; lastKnownFileType = wrapper.framework; name = AVFoundation.framework; path = System/Library/Frameworks/AVFoundation.framework; sourceTree = SDKROOT; };
		6023D1BE16F00EAF009AFE9E /* AudioToolbox.framework */ = {isa = PBXFileReference; lastKnownFileType = wrapper.framework; name = AudioToolbox.framework; path = System/Library/Frameworks/AudioToolbox.framework; sourceTree = SDKROOT; };
		6023D1C016F00ECC009AFE9E /* CoreMedia.framework */ = {isa = PBXFileReference; lastKnownFileType = wrapper.framework; name = CoreMedia.framework; path = System/Library/Frameworks/CoreMedia.framework; sourceTree = SDKROOT; };
		6023D1C116F00ECC009AFE9E /* CoreVideo.framework */ = {isa = PBXFileReference; lastKnownFileType = wrapper.framework; name = CoreVideo.framework; path = System/Library/Frameworks/CoreVideo.framework; sourceTree = SDKROOT; };
		6023D1C416F00ED9009AFE9E /* AddressBook.framework */ = {isa = PBXFileReference; lastKnownFileType = wrapper.framework; name = AddressBook.framework; path = System/Library/Frameworks/AddressBook.framework; sourceTree = SDKROOT; };
		6023D1C516F00ED9009AFE9E /* AddressBookUI.framework */ = {isa = PBXFileReference; lastKnownFileType = wrapper.framework; name = AddressBookUI.framework; path = System/Library/Frameworks/AddressBookUI.framework; sourceTree = SDKROOT; };
		6023D1C816F00F01009AFE9E /* libiconv.dylib */ = {isa = PBXFileReference; lastKnownFileType = "compiled.mach-o.dylib"; name = libiconv.dylib; path = usr/lib/libiconv.dylib; sourceTree = SDKROOT; };
		6023D3BB16F01F55009AFE9E /* beep-beep.aiff */ = {isa = PBXFileReference; lastKnownFileType = audio.aiff; path = "beep-beep.aiff"; sourceTree = "<group>"; };
		A4195F85D07726F99392EEA3 /* libPods-Rohos Logon.a */ = {isa = PBXFileReference; explicitFileType = archive.ar; includeInIndex = 0; path = "libPods-Rohos Logon.a"; sourceTree = BUILT_PRODUCTS_DIR; };
		E9CC8056D824CA10FDFF9836 /* Pods-Rohos Logon.release.xcconfig */ = {isa = PBXFileReference; includeInIndex = 1; lastKnownFileType = text.xcconfig; name = "Pods-Rohos Logon.release.xcconfig"; path = "Target Support Files/Pods-Rohos Logon/Pods-Rohos Logon.release.xcconfig"; sourceTree = "<group>"; };
		F06EFB34151AA79B24C7EB04 /* Pods-Rohos Logon.debug.xcconfig */ = {isa = PBXFileReference; includeInIndex = 1; lastKnownFileType = text.xcconfig; name = "Pods-Rohos Logon.debug.xcconfig"; path = "Target Support Files/Pods-Rohos Logon/Pods-Rohos Logon.debug.xcconfig"; sourceTree = "<group>"; };
		FA613E28187D9972005C1F63 /* unlockpc.png */ = {isa = PBXFileReference; lastKnownFileType = image.png; path = unlockpc.png; sourceTree = "<group>"; };
		FA613E2B187D9BAF005C1F63 /* icon-57.png */ = {isa = PBXFileReference; lastKnownFileType = image.png; path = "icon-57.png"; sourceTree = "<group>"; };
		FAF0C3BC1882B49500BF7E08 /* icon-120.png */ = {isa = PBXFileReference; lastKnownFileType = image.png; path = "icon-120.png"; sourceTree = "<group>"; };
		FAF0C3BD1882B49500BF7E08 /* icon-72.png */ = {isa = PBXFileReference; lastKnownFileType = image.png; path = "icon-72.png"; sourceTree = "<group>"; };
/* End PBXFileReference section */

/* Begin PBXFrameworksBuildPhase section */
		6023CF9B16F00CDA009AFE9E /* Frameworks */ = {
			isa = PBXFrameworksBuildPhase;
			buildActionMask = 2147483647;
			files = (
				17DA66291D1A58A40031108F /* CoreBluetooth.framework in Frameworks */,
				6023D1C916F00F01009AFE9E /* libiconv.dylib in Frameworks */,
				6023D1C616F00ED9009AFE9E /* AddressBook.framework in Frameworks */,
				6023D1C716F00ED9009AFE9E /* AddressBookUI.framework in Frameworks */,
				6023D1C216F00ECC009AFE9E /* CoreMedia.framework in Frameworks */,
				6023D1C316F00ECC009AFE9E /* CoreVideo.framework in Frameworks */,
				6023D1BF16F00EAF009AFE9E /* AudioToolbox.framework in Frameworks */,
				6023D1BD16F00EAB009AFE9E /* AVFoundation.framework in Frameworks */,
				6023CFA216F00CDA009AFE9E /* UIKit.framework in Frameworks */,
				6023CFA416F00CDA009AFE9E /* Foundation.framework in Frameworks */,
				6023CFA616F00CDA009AFE9E /* CoreGraphics.framework in Frameworks */,
				A6FD4301F6A39CB8B624B852 /* libPods-Rohos Logon.a in Frameworks */,
			);
			runOnlyForDeploymentPostprocessing = 0;
		};
/* End PBXFrameworksBuildPhase section */

/* Begin PBXGroup section */
		0C2DCBC68861E08ED5096755 /* Pods */ = {
			isa = PBXGroup;
			children = (
				F06EFB34151AA79B24C7EB04 /* Pods-Rohos Logon.debug.xcconfig */,
				E9CC8056D824CA10FDFF9836 /* Pods-Rohos Logon.release.xcconfig */,
			);
			path = Pods;
			sourceTree = "<group>";
		};
		6023CF9516F00CDA009AFE9E = {
			isa = PBXGroup;
			children = (
				17FDD50924E1A018003155DF /* Images.xcassets */,
				FA0A29BB187F49EE00001D2A /* iPad */,
				6023CFA716F00CDA009AFE9E /* RohosLogon-iOS */,
				6023CFA016F00CDA009AFE9E /* Frameworks */,
				6023CF9F16F00CDA009AFE9E /* Products */,
				0C2DCBC68861E08ED5096755 /* Pods */,
			);
			sourceTree = "<group>";
		};
		6023CF9F16F00CDA009AFE9E /* Products */ = {
			isa = PBXGroup;
			children = (
				6023CF9E16F00CDA009AFE9E /* Rohos Logon.app */,
			);
			name = Products;
			sourceTree = "<group>";
		};
		6023CFA016F00CDA009AFE9E /* Frameworks */ = {
			isa = PBXGroup;
			children = (
				17DA66281D1A58A40031108F /* CoreBluetooth.framework */,
				6023D1C816F00F01009AFE9E /* libiconv.dylib */,
				6023D1C416F00ED9009AFE9E /* AddressBook.framework */,
				6023D1C516F00ED9009AFE9E /* AddressBookUI.framework */,
				6023D1C016F00ECC009AFE9E /* CoreMedia.framework */,
				6023D1C116F00ECC009AFE9E /* CoreVideo.framework */,
				6023D1BE16F00EAF009AFE9E /* AudioToolbox.framework */,
				6023D1BC16F00EAB009AFE9E /* AVFoundation.framework */,
				6023CFA116F00CDA009AFE9E /* UIKit.framework */,
				6023CFA316F00CDA009AFE9E /* Foundation.framework */,
				6023CFA516F00CDA009AFE9E /* CoreGraphics.framework */,
				A4195F85D07726F99392EEA3 /* libPods-Rohos Logon.a */,
			);
			name = Frameworks;
			sourceTree = "<group>";
		};
		6023CFA716F00CDA009AFE9E /* RohosLogon-iOS */ = {
			isa = PBXGroup;
			children = (
				177F323524C4E1DC00B4C26E /* BarcodeScanner.h */,
				177F323324C4E1DC00B4C26E /* BarcodeScanner.m */,
				17120D6724C4A1AE00CB46ED /* AuthRecord.h */,
				17120D6624C4A1AE00CB46ED /* AuthRecord.m */,
				17DA66241D1A58490031108F /* BluetoothHelper.h */,
				17DA66251D1A58490031108F /* BluetoothHelper.m */,
				6023CFB016F00CDA009AFE9E /* MainAppDelegate.h */,
				6023CFB116F00CDA009AFE9E /* MainAppDelegate.m */,
				6023CFB916F00CDA009AFE9E /* MainStoryboard.storyboard */,
				6023CFBF16F00CDA009AFE9E /* MainViewController.h */,
				6023CFC016F00CDA009AFE9E /* MainViewController.m */,
				6023CFA816F00CDA009AFE9E /* Supporting Files */,
				173B644524C5CE6700A746D0 /* BarcodeScanner.xib */,
			);
			path = "RohosLogon-iOS";
			sourceTree = "<group>";
		};
		6023CFA816F00CDA009AFE9E /* Supporting Files */ = {
			isa = PBXGroup;
			children = (
				FAF0C3BC1882B49500BF7E08 /* icon-120.png */,
				FAF0C3BD1882B49500BF7E08 /* icon-72.png */,
				FA613E2B187D9BAF005C1F63 /* icon-57.png */,
				FA613E28187D9972005C1F63 /* unlockpc.png */,
				6023CFA916F00CDA009AFE9E /* RohosLogon-iOS-Info.plist */,
				6023CFAA16F00CDA009AFE9E /* InfoPlist.strings */,
				6023CFAD16F00CDA009AFE9E /* main.m */,
				6023CFAF16F00CDA009AFE9E /* Rohos-Logon-prefix.pch */,
				6023CFB316F00CDA009AFE9E /* Default.png */,
				6023CFB516F00CDA009AFE9E /* Default@2x.png */,
				6023CFB716F00CDA009AFE9E /* Default-568h@2x.png */,
				6023D3BB16F01F55009AFE9E /* beep-beep.aiff */,
			);
			name = "Supporting Files";
			sourceTree = "<group>";
		};
		FA0A29BB187F49EE00001D2A /* iPad */ = {
			isa = PBXGroup;
			children = (
			);
			name = iPad;
			sourceTree = "<group>";
		};
/* End PBXGroup section */

/* Begin PBXNativeTarget section */
		6023CF9D16F00CDA009AFE9E /* Rohos Logon */ = {
			isa = PBXNativeTarget;
			buildConfigurationList = 6023CFC416F00CDA009AFE9E /* Build configuration list for PBXNativeTarget "Rohos Logon" */;
			buildPhases = (
				E525794FB7DE567DB4A24EF2 /* [CP] Check Pods Manifest.lock */,
				6023CF9A16F00CDA009AFE9E /* Sources */,
				6023CF9B16F00CDA009AFE9E /* Frameworks */,
				6023CF9C16F00CDA009AFE9E /* Resources */,
			);
			buildRules = (
			);
			dependencies = (
			);
			name = "Rohos Logon";
			productName = CodeScanTest;
			productReference = 6023CF9E16F00CDA009AFE9E /* Rohos Logon.app */;
			productType = "com.apple.product-type.application";
		};
/* End PBXNativeTarget section */

/* Begin PBXProject section */
		6023CF9616F00CDA009AFE9E /* Project object */ = {
			isa = PBXProject;
			attributes = {
				CLASSPREFIX = Main;
				LastUpgradeCheck = 1160;
				ORGANIZATIONNAME = "Tesline-Service";
			};
			buildConfigurationList = 6023CF9916F00CDA009AFE9E /* Build configuration list for PBXProject "RohosLogon-iOS" */;
			compatibilityVersion = "Xcode 10.0";
			developmentRegion = English;
			hasScannedForEncodings = 0;
			knownRegions = (
				English,
				en,
			);
			mainGroup = 6023CF9516F00CDA009AFE9E;
			productRefGroup = 6023CF9F16F00CDA009AFE9E /* Products */;
			projectDirPath = "";
			projectRoot = "";
			targets = (
				6023CF9D16F00CDA009AFE9E /* Rohos Logon */,
			);
		};
/* End PBXProject section */

/* Begin PBXResourcesBuildPhase section */
		6023CF9C16F00CDA009AFE9E /* Resources */ = {
			isa = PBXResourcesBuildPhase;
			buildActionMask = 2147483647;
			files = (
				FA613E29187D9972005C1F63 /* unlockpc.png in Resources */,
				6023CFAC16F00CDA009AFE9E /* InfoPlist.strings in Resources */,
				6023CFB416F00CDA009AFE9E /* Default.png in Resources */,
				17FDD50A24E1A018003155DF /* Images.xcassets in Resources */,
				6023CFB616F00CDA009AFE9E /* Default@2x.png in Resources */,
				FA613E2C187D9BAF005C1F63 /* icon-57.png in Resources */,
				FAF0C3BF1882B49500BF7E08 /* icon-72.png in Resources */,
				6023CFB816F00CDA009AFE9E /* Default-568h@2x.png in Resources */,
				6023CFBB16F00CDA009AFE9E /* MainStoryboard.storyboard in Resources */,
				173B644624C5CE6700A746D0 /* BarcodeScanner.xib in Resources */,
				FAF0C3BE1882B49500BF7E08 /* icon-120.png in Resources */,
				6023D3BC16F01F55009AFE9E /* beep-beep.aiff in Resources */,
			);
			runOnlyForDeploymentPostprocessing = 0;
		};
/* End PBXResourcesBuildPhase section */

/* Begin PBXShellScriptBuildPhase section */
		E525794FB7DE567DB4A24EF2 /* [CP] Check Pods Manifest.lock */ = {
			isa = PBXShellScriptBuildPhase;
			buildActionMask = 2147483647;
			files = (
			);
			inputFileListPaths = (
			);
			inputPaths = (
				"${PODS_PODFILE_DIR_PATH}/Podfile.lock",
				"${PODS_ROOT}/Manifest.lock",
			);
			name = "[CP] Check Pods Manifest.lock";
			outputFileListPaths = (
			);
			outputPaths = (
				"$(DERIVED_FILE_DIR)/Pods-Rohos Logon-checkManifestLockResult.txt",
			);
			runOnlyForDeploymentPostprocessing = 0;
			shellPath = /bin/sh;
			shellScript = "diff \"${PODS_PODFILE_DIR_PATH}/Podfile.lock\" \"${PODS_ROOT}/Manifest.lock\" > /dev/null\nif [ $? != 0 ] ; then\n    # print error to STDERR\n    echo \"error: The sandbox is not in sync with the Podfile.lock. Run 'pod install' or update your CocoaPods installation.\" >&2\n    exit 1\nfi\n# This output is used by Xcode 'outputs' to avoid re-running this script phase.\necho \"SUCCESS\" > \"${SCRIPT_OUTPUT_FILE_0}\"\n";
			showEnvVarsInLog = 0;
		};
/* End PBXShellScriptBuildPhase section */

/* Begin PBXSourcesBuildPhase section */
		6023CF9A16F00CDA009AFE9E /* Sources */ = {
			isa = PBXSourcesBuildPhase;
			buildActionMask = 2147483647;
			files = (
				6023CFAE16F00CDA009AFE9E /* main.m in Sources */,
				6023CFB216F00CDA009AFE9E /* MainAppDelegate.m in Sources */,
				6023CFC116F00CDA009AFE9E /* MainViewController.m in Sources */,
				177F323624C4E1DC00B4C26E /* BarcodeScanner.m in Sources */,
				17DA66261D1A58490031108F /* BluetoothHelper.m in Sources */,
				17120D6824C4A1AE00CB46ED /* AuthRecord.m in Sources */,
			);
			runOnlyForDeploymentPostprocessing = 0;
		};
/* End PBXSourcesBuildPhase section */

/* Begin PBXVariantGroup section */
		6023CFAA16F00CDA009AFE9E /* InfoPlist.strings */ = {
			isa = PBXVariantGroup;
			children = (
				6023CFAB16F00CDA009AFE9E /* en */,
			);
			name = InfoPlist.strings;
			sourceTree = "<group>";
		};
		6023CFB916F00CDA009AFE9E /* MainStoryboard.storyboard */ = {
			isa = PBXVariantGroup;
			children = (
				6023CFBA16F00CDA009AFE9E /* en */,
			);
			name = MainStoryboard.storyboard;
			sourceTree = "<group>";
		};
/* End PBXVariantGroup section */

/* Begin XCBuildConfiguration section */
		6023CFC216F00CDA009AFE9E /* Debug */ = {
			isa = XCBuildConfiguration;
			buildSettings = {
				ALWAYS_SEARCH_USER_PATHS = YES;
				CLANG_ANALYZER_LOCALIZABILITY_NONLOCALIZED = YES;
				CLANG_CXX_LANGUAGE_STANDARD = "c++14";
				CLANG_CXX_LIBRARY = "libc++";
				CLANG_WARN_BLOCK_CAPTURE_AUTORELEASING = YES;
				CLANG_WARN_BOOL_CONVERSION = YES;
				CLANG_WARN_COMMA = YES;
				CLANG_WARN_CONSTANT_CONVERSION = YES;
				CLANG_WARN_DEPRECATED_OBJC_IMPLEMENTATIONS = YES;
				CLANG_WARN_EMPTY_BODY = YES;
				CLANG_WARN_ENUM_CONVERSION = YES;
				CLANG_WARN_INFINITE_RECURSION = YES;
				CLANG_WARN_INT_CONVERSION = YES;
				CLANG_WARN_NON_LITERAL_NULL_CONVERSION = YES;
				CLANG_WARN_OBJC_IMPLICIT_RETAIN_SELF = YES;
				CLANG_WARN_OBJC_LITERAL_CONVERSION = YES;
				CLANG_WARN_RANGE_LOOP_ANALYSIS = YES;
				CLANG_WARN_STRICT_PROTOTYPES = YES;
				CLANG_WARN_SUSPICIOUS_MOVE = YES;
				CLANG_WARN_UNREACHABLE_CODE = YES;
				CLANG_WARN__DUPLICATE_METHOD_MATCH = YES;
				CODE_SIGN_IDENTITY = "iPhone Developer: Alexander Shilonosov (65TB5BVP37)";
				"CODE_SIGN_IDENTITY[sdk=iphoneos*]" = "iPhone Developer: Alexander Shilonosov (65TB5BVP37)";
				COPY_PHASE_STRIP = NO;
				DEVELOPMENT_TEAM = 5BSEC579P8;
				ENABLE_STRICT_OBJC_MSGSEND = YES;
				ENABLE_TESTABILITY = YES;
				GCC_C_LANGUAGE_STANDARD = gnu99;
				GCC_DYNAMIC_NO_PIC = NO;
				GCC_NO_COMMON_BLOCKS = YES;
				GCC_OPTIMIZATION_LEVEL = 0;
				GCC_PREPROCESSOR_DEFINITIONS = (
					"DEBUG=1",
					"$(inherited)",
				);
				GCC_SYMBOLS_PRIVATE_EXTERN = NO;
				GCC_WARN_64_TO_32_BIT_CONVERSION = YES;
				GCC_WARN_ABOUT_RETURN_TYPE = YES;
				GCC_WARN_UNDECLARED_SELECTOR = YES;
				GCC_WARN_UNINITIALIZED_AUTOS = YES;
				GCC_WARN_UNUSED_FUNCTION = YES;
				GCC_WARN_UNUSED_VARIABLE = YES;
				HEADER_SEARCH_PATHS = "";
				IPHONEOS_DEPLOYMENT_TARGET = 11.0;
				ONLY_ACTIVE_ARCH = YES;
				PROVISIONING_PROFILE = "60eab31f-aa92-449a-ba09-ee560fbf9b7d";
				SDKROOT = iphoneos;
				SYSTEM_HEADER_SEARCH_PATHS = "/Applications/Xcode.app/Contents/Developer/Toolchains/XcodeDefault.xctoolchain/usr/include/c++/v1";
				TARGETED_DEVICE_FAMILY = "1,2";
			};
			name = Debug;
		};
		6023CFC316F00CDA009AFE9E /* Release */ = {
			isa = XCBuildConfiguration;
			buildSettings = {
				ALWAYS_SEARCH_USER_PATHS = YES;
				CLANG_ANALYZER_LOCALIZABILITY_NONLOCALIZED = YES;
				CLANG_CXX_LANGUAGE_STANDARD = "c++14";
				CLANG_CXX_LIBRARY = "libc++";
				CLANG_WARN_BLOCK_CAPTURE_AUTORELEASING = YES;
				CLANG_WARN_BOOL_CONVERSION = YES;
				CLANG_WARN_COMMA = YES;
				CLANG_WARN_CONSTANT_CONVERSION = YES;
				CLANG_WARN_DEPRECATED_OBJC_IMPLEMENTATIONS = YES;
				CLANG_WARN_EMPTY_BODY = YES;
				CLANG_WARN_ENUM_CONVERSION = YES;
				CLANG_WARN_INFINITE_RECURSION = YES;
				CLANG_WARN_INT_CONVERSION = YES;
				CLANG_WARN_NON_LITERAL_NULL_CONVERSION = YES;
				CLANG_WARN_OBJC_IMPLICIT_RETAIN_SELF = YES;
				CLANG_WARN_OBJC_LITERAL_CONVERSION = YES;
				CLANG_WARN_RANGE_LOOP_ANALYSIS = YES;
				CLANG_WARN_STRICT_PROTOTYPES = YES;
				CLANG_WARN_SUSPICIOUS_MOVE = YES;
				CLANG_WARN_UNREACHABLE_CODE = YES;
				CLANG_WARN__DUPLICATE_METHOD_MATCH = YES;
				CODE_SIGN_IDENTITY = "iPhone Distribution: Tesline-Service s.r.l. (5BSEC579P8)";
				"CODE_SIGN_IDENTITY[sdk=iphoneos*]" = "iPhone Distribution: Tesline-Service s.r.l. (5BSEC579P8)";
				COPY_PHASE_STRIP = YES;
				DEVELOPMENT_TEAM = 5BSEC579P8;
				ENABLE_STRICT_OBJC_MSGSEND = YES;
				GCC_C_LANGUAGE_STANDARD = gnu99;
				GCC_NO_COMMON_BLOCKS = YES;
				GCC_WARN_64_TO_32_BIT_CONVERSION = YES;
				GCC_WARN_ABOUT_RETURN_TYPE = YES;
				GCC_WARN_UNDECLARED_SELECTOR = YES;
				GCC_WARN_UNINITIALIZED_AUTOS = YES;
				GCC_WARN_UNUSED_FUNCTION = YES;
				GCC_WARN_UNUSED_VARIABLE = YES;
				HEADER_SEARCH_PATHS = "";
				IPHONEOS_DEPLOYMENT_TARGET = 11.0;
				OTHER_CFLAGS = "-DNS_BLOCK_ASSERTIONS=1";
				PROVISIONING_PROFILE = "0c7e2611-c356-48c3-a859-3ddff1176439";
				SDKROOT = iphoneos;
				SYSTEM_HEADER_SEARCH_PATHS = "/Applications/Xcode.app/Contents/Developer/Toolchains/XcodeDefault.xctoolchain/usr/include/c++/v1";
				TARGETED_DEVICE_FAMILY = "1,2";
				VALIDATE_PRODUCT = YES;
			};
			name = Release;
		};
		6023CFC516F00CDA009AFE9E /* Debug */ = {
			isa = XCBuildConfiguration;
			baseConfigurationReference = F06EFB34151AA79B24C7EB04 /* Pods-Rohos Logon.debug.xcconfig */;
			buildSettings = {
				ALWAYS_SEARCH_USER_PATHS = NO;
				ASSETCATALOG_COMPILER_APPICON_NAME = AppIcon;
				CLANG_ENABLE_MODULES = YES;
				CLANG_ENABLE_OBJC_ARC = YES;
				CLANG_ENABLE_OBJC_WEAK = YES;
				CODE_SIGN_IDENTITY = "Apple Development";
				"CODE_SIGN_IDENTITY[sdk=iphoneos*]" = "iPhone Developer: Alexander Shilonosov (65TB5BVP37)";
				CODE_SIGN_STYLE = Manual;
				CURRENT_PROJECT_VERSION = 1.4.1;
				DEVELOPMENT_TEAM = 5BSEC579P8;
				FRAMEWORK_SEARCH_PATHS = (
					"$(inherited)",
					"\"$(SYSTEM_APPS_DIR)/Xcode.app/Contents/Developer/Library/Frameworks\"",
				);
				GCC_PRECOMPILE_PREFIX_HEADER = YES;
				GCC_PREFIX_HEADER = "RohosLogon-iOS/Rohos-Logon-prefix.pch";
				HEADER_SEARCH_PATHS = (
					"./zxing/iphone/ZXingWidget/Classes/**",
					"./Pods/**",
					./zxing/cpp/core/src,
				);
				INFOPLIST_FILE = "RohosLogon-iOS/RohosLogon-iOS-Info.plist";
				IPHONEOS_DEPLOYMENT_TARGET = 11.0;
				MARKETING_VERSION = 1.4.1;
				PRODUCT_BUNDLE_IDENTIFIER = "com.tesline.Rohos-logon";
				PRODUCT_NAME = "$(TARGET_NAME)";
				PROVISIONING_PROFILE = "60eab31f-aa92-449a-ba09-ee560fbf9b7d";
				PROVISIONING_PROFILE_SPECIFIER = logon_dev;
				SYSTEM_HEADER_SEARCH_PATHS = "";
				TARGETED_DEVICE_FAMILY = 1;
				WRAPPER_EXTENSION = app;
			};
			name = Debug;
		};
		6023CFC616F00CDA009AFE9E /* Release */ = {
			isa = XCBuildConfiguration;
			baseConfigurationReference = E9CC8056D824CA10FDFF9836 /* Pods-Rohos Logon.release.xcconfig */;
			buildSettings = {
				ALWAYS_SEARCH_USER_PATHS = NO;
				ASSETCATALOG_COMPILER_APPICON_NAME = AppIcon;
				CLANG_ENABLE_MODULES = YES;
				CLANG_ENABLE_OBJC_ARC = YES;
				CLANG_ENABLE_OBJC_WEAK = YES;
				CODE_SIGN_IDENTITY = "Apple Development";
				"CODE_SIGN_IDENTITY[sdk=iphoneos*]" = "iPhone Distribution: Tesline-Service s.r.l. (5BSEC579P8)";
				CODE_SIGN_STYLE = Manual;
				CURRENT_PROJECT_VERSION = 1.4.1;
				DEVELOPMENT_TEAM = 5BSEC579P8;
				FRAMEWORK_SEARCH_PATHS = (
					"$(inherited)",
					"\"$(SYSTEM_APPS_DIR)/Xcode.app/Contents/Developer/Library/Frameworks\"",
				);
				GCC_PRECOMPILE_PREFIX_HEADER = YES;
				GCC_PREFIX_HEADER = "RohosLogon-iOS/Rohos-Logon-prefix.pch";
				HEADER_SEARCH_PATHS = (
					"./zxing/iphone/ZXingWidget/Classes/**",
					"./Pods/**",
					./zxing/cpp/core/src,
				);
				INFOPLIST_FILE = "RohosLogon-iOS/RohosLogon-iOS-Info.plist";
				IPHONEOS_DEPLOYMENT_TARGET = 11.0;
				MARKETING_VERSION = 1.4.1;
				PRODUCT_BUNDLE_IDENTIFIER = "com.tesline.Rohos-logon";
				PRODUCT_NAME = "$(TARGET_NAME)";
				PROVISIONING_PROFILE = "0c7e2611-c356-48c3-a859-3ddff1176439";
				PROVISIONING_PROFILE_SPECIFIER = logon_appstore;
				SYSTEM_HEADER_SEARCH_PATHS = "";
				TARGETED_DEVICE_FAMILY = 1;
				WRAPPER_EXTENSION = app;
			};
			name = Release;
		};
/* End XCBuildConfiguration section */

/* Begin XCConfigurationList section */
		6023CF9916F00CDA009AFE9E /* Build configuration list for PBXProject "RohosLogon-iOS" */ = {
			isa = XCConfigurationList;
			buildConfigurations = (
				6023CFC216F00CDA009AFE9E /* Debug */,
				6023CFC316F00CDA009AFE9E /* Release */,
			);
			defaultConfigurationIsVisible = 0;
			defaultConfigurationName = Release;
		};
		6023CFC416F00CDA009AFE9E /* Build configuration list for PBXNativeTarget "Rohos Logon" */ = {
			isa = XCConfigurationList;
			buildConfigurations = (
				6023CFC516F00CDA009AFE9E /* Debug */,
				6023CFC616F00CDA009AFE9E /* Release */,
			);
			defaultConfigurationIsVisible = 0;
			defaultConfigurationName = Release;
		};
/* End XCConfigurationList section */
	};
	rootObject = 6023CF9616F00CDA009AFE9E /* Project object */;
}
